
Microsoft Visual Studio Solution File, Format Version 12.00
# Visual Studio 15
VisualStudioVersion = 15.0.27703.2042
MinimumVisualStudioVersion = 10.0.40219.1
Project("{8BC9CEB8-8B4A-11D0-8D11-00A0C91BC942}") = "Employeer", "Employeer\Employeer.vcxproj", "{BCA2884C-07BF-4793-9285-1EA29730DD02}"
EndProject
Project("{2150E333-8FDC-42A3-9474-1A3956D46DE8}") = "Solution Items", "Solution Items", "{03B977FE-737B-4DD9-BAF2-6C9A7FDCE558}"
	ProjectSection(SolutionItems) = preProject
		Employeer\HRManager.cpp = Employeer\HRManager.cpp
		Employeer\HRManager.h = Employeer\HRManager.h
		Employeer\Janitor.cpp = Employeer\Janitor.cpp
		Employeer\Janitor.h = Employeer\Janitor.h
	EndProjectSection
EndProject
Global
	GlobalSection(SolutionConfigurationPlatforms) = preSolution
		Debug|x64 = Debug|x64
		Debug|x86 = Debug|x86
		Release|x64 = Release|x64
		Release|x86 = Release|x86
	EndGlobalSection
	GlobalSection(ProjectConfigurationPlatforms) = postSolution
		{BCA2884C-07BF-4793-9285-1EA29730DD02}.Debug|x64.ActiveCfg = Debug|x64
		{BCA2884C-07BF-4793-9285-1EA29730DD02}.Debug|x64.Build.0 = Debug|x64
		{BCA2884C-07BF-4793-9285-1EA29730DD02}.Debug|x86.ActiveCfg = Debug|Win32
		{BCA2884C-07BF-4793-9285-1EA29730DD02}.Debug|x86.Build.0 = Debug|Win32
		{BCA2884C-07BF-4793-9285-1EA29730DD02}.Release|x64.ActiveCfg = Release|x64
		{BCA2884C-07BF-4793-9285-1EA29730DD02}.Release|x64.Build.0 = Release|x64
		{BCA2884C-07BF-4793-9285-1EA29730DD02}.Release|x86.ActiveCfg = Release|Win32
		{BCA2884C-07BF-4793-9285-1EA29730DD02}.Release|x86.Build.0 = Release|Win32
	EndGlobalSection
	GlobalSection(SolutionProperties) = preSolution
		HideSolutionNode = FALSE
	EndGlobalSection
	GlobalSection(ExtensibilityGlobals) = postSolution
		SolutionGuid = {3CDBE3BD-D574-4102-B30A-1913CB2A7992}
	EndGlobalSection
EndGlobal
